// !$*UTF8*$!
{
	archiveVersion = 1;
	classes = {
	};
	objectVersion = 56;
	objects = {

/* Begin PBXBuildFile section */
		10704EE42CAC210400AF59F6 /* PhotoEditorAppApp.swift in Sources */ = {isa = PBXBuildFile; fileRef = 10704EE32CAC210400AF59F6 /* PhotoEditorAppApp.swift */; };
		10704EE62CAC210400AF59F6 /* ContentView.swift in Sources */ = {isa = PBXBuildFile; fileRef = 10704EE52CAC210400AF59F6 /* ContentView.swift */; };
		10704EE82CAC210700AF59F6 /* Assets.xcassets in Resources */ = {isa = PBXBuildFile; fileRef = 10704EE72CAC210700AF59F6 /* Assets.xcassets */; };
		10704EEB2CAC210700AF59F6 /* Preview Assets.xcassets in Resources */ = {isa = PBXBuildFile; fileRef = 10704EEA2CAC210700AF59F6 /* Preview Assets.xcassets */; };
		10704EF52CAC210700AF59F6 /* PhotoEditorAppTests.swift in Sources */ = {isa = PBXBuildFile; fileRef = 10704EF42CAC210700AF59F6 /* PhotoEditorAppTests.swift */; };
		10704EFF2CAC210700AF59F6 /* PhotoEditorAppUITests.swift in Sources */ = {isa = PBXBuildFile; fileRef = 10704EFE2CAC210700AF59F6 /* PhotoEditorAppUITests.swift */; };
		10704F012CAC210700AF59F6 /* PhotoEditorAppUITestsLaunchTests.swift in Sources */ = {isa = PBXBuildFile; fileRef = 10704F002CAC210700AF59F6 /* PhotoEditorAppUITestsLaunchTests.swift */; };
/* End PBXBuildFile section */

/* Begin PBXContainerItemProxy section */
		10704EF12CAC210700AF59F6 /* PBXContainerItemProxy */ = {
			isa = PBXContainerItemProxy;
			containerPortal = 10704ED82CAC210400AF59F6 /* Project object */;
			proxyType = 1;
			remoteGlobalIDString = 10704EDF2CAC210400AF59F6;
			remoteInfo = PhotoEditorApp;
		};
		10704EFB2CAC210700AF59F6 /* PBXContainerItemProxy */ = {
			isa = PBXContainerItemProxy;
			containerPortal = 10704ED82CAC210400AF59F6 /* Project object */;
			proxyType = 1;
			remoteGlobalIDString = 10704EDF2CAC210400AF59F6;
			remoteInfo = PhotoEditorApp;
		};
/* End PBXContainerItemProxy section */

/* Begin PBXFileReference section */
		10704EE02CAC210400AF59F6 /* PhotoEditorApp.app */ = {isa = PBXFileReference; explicitFileType = wrapper.application; includeInIndex = 0; path = PhotoEditorApp.app; sourceTree = BUILT_PRODUCTS_DIR; };
		10704EE32CAC210400AF59F6 /* PhotoEditorAppApp.swift */ = {isa = PBXFileReference; lastKnownFileType = sourcecode.swift; path = PhotoEditorAppApp.swift; sourceTree = "<group>"; };
		10704EE52CAC210400AF59F6 /* ContentView.swift */ = {isa = PBXFileReference; lastKnownFileType = sourcecode.swift; path = ContentView.swift; sourceTree = "<group>"; };
		10704EE72CAC210700AF59F6 /* Assets.xcassets */ = {isa = PBXFileReference; lastKnownFileType = folder.assetcatalog; path = Assets.xcassets; sourceTree = "<group>"; };
		10704EEA2CAC210700AF59F6 /* Preview Assets.xcassets */ = {isa = PBXFileReference; lastKnownFileType = folder.assetcatalog; path = "Preview Assets.xcassets"; sourceTree = "<group>"; };
		10704EF02CAC210700AF59F6 /* PhotoEditorAppTests.xctest */ = {isa = PBXFileReference; explicitFileType = wrapper.cfbundle; includeInIndex = 0; path = PhotoEditorAppTests.xctest; sourceTree = BUILT_PRODUCTS_DIR; };
		10704EF42CAC210700AF59F6 /* PhotoEditorAppTests.swift */ = {isa = PBXFileReference; lastKnownFileType = sourcecode.swift; path = PhotoEditorAppTests.swift; sourceTree = "<group>"; };
		10704EFA2CAC210700AF59F6 /* PhotoEditorAppUITests.xctest */ = {isa = PBXFileReference; explicitFileType = wrapper.cfbundle; includeInIndex = 0; path = PhotoEditorAppUITests.xctest; sourceTree = BUILT_PRODUCTS_DIR; };
		10704EFE2CAC210700AF59F6 /* PhotoEditorAppUITests.swift */ = {isa = PBXFileReference; lastKnownFileType = sourcecode.swift; path = PhotoEditorAppUITests.swift; sourceTree = "<group>"; };
		10704F002CAC210700AF59F6 /* PhotoEditorAppUITestsLaunchTests.swift */ = {isa = PBXFileReference; lastKnownFileType = sourcecode.swift; path = PhotoEditorAppUITestsLaunchTests.swift; sourceTree = "<group>"; };
/* End PBXFileReference section */

/* Begin PBXFrameworksBuildPhase section */
		10704EDD2CAC210400AF59F6 /* Frameworks */ = {
			isa = PBXFrameworksBuildPhase;
			buildActionMask = 2147483647;
			files = (
			);
			runOnlyForDeploymentPostprocessing = 0;
		};
		10704EED2CAC210700AF59F6 /* Frameworks */ = {
			isa = PBXFrameworksBuildPhase;
			buildActionMask = 2147483647;
			files = (
			);
			runOnlyForDeploymentPostprocessing = 0;
		};
		10704EF72CAC210700AF59F6 /* Frameworks */ = {
			isa = PBXFrameworksBuildPhase;
			buildActionMask = 2147483647;
			files = (
			);
			runOnlyForDeploymentPostprocessing = 0;
		};
/* End PBXFrameworksBuildPhase section */

/* Begin PBXGroup section */
		10704ED72CAC210400AF59F6 = {
			isa = PBXGroup;
			children = (
				10704EE22CAC210400AF59F6 /* PhotoEditorApp */,
				10704EF32CAC210700AF59F6 /* PhotoEditorAppTests */,
				10704EFD2CAC210700AF59F6 /* PhotoEditorAppUITests */,
				10704EE12CAC210400AF59F6 /* Products */,
			);
			sourceTree = "<group>";
		};
		10704EE12CAC210400AF59F6 /* Products */ = {
			isa = PBXGroup;
			children = (
				10704EE02CAC210400AF59F6 /* PhotoEditorApp.app */,
				10704EF02CAC210700AF59F6 /* PhotoEditorAppTests.xctest */,
				10704EFA2CAC210700AF59F6 /* PhotoEditorAppUITests.xctest */,
			);
			name = Products;
			sourceTree = "<group>";
		};
		10704EE22CAC210400AF59F6 /* PhotoEditorApp */ = {
			isa = PBXGroup;
			children = (
				10704EE32CAC210400AF59F6 /* PhotoEditorAppApp.swift */,
				10704EE52CAC210400AF59F6 /* ContentView.swift */,
				10704EE72CAC210700AF59F6 /* Assets.xcassets */,
				10704EE92CAC210700AF59F6 /* Preview Content */,
			);
			path = PhotoEditorApp;
			sourceTree = "<group>";
		};
		10704EE92CAC210700AF59F6 /* Preview Content */ = {
			isa = PBXGroup;
			children = (
				10704EEA2CAC210700AF59F6 /* Preview Assets.xcassets */,
			);
			path = "Preview Content";
			sourceTree = "<group>";
		};
		10704EF32CAC210700AF59F6 /* PhotoEditorAppTests */ = {
			isa = PBXGroup;
			children = (
				10704EF42CAC210700AF59F6 /* PhotoEditorAppTests.swift */,
			);
			path = PhotoEditorAppTests;
			sourceTree = "<group>";
		};
		10704EFD2CAC210700AF59F6 /* PhotoEditorAppUITests */ = {
			isa = PBXGroup;
			children = (
				10704EFE2CAC210700AF59F6 /* PhotoEditorAppUITests.swift */,
				10704F002CAC210700AF59F6 /* PhotoEditorAppUITestsLaunchTests.swift */,
			);
			path = PhotoEditorAppUITests;
			sourceTree = "<group>";
		};
/* End PBXGroup section */

/* Begin PBXNativeTarget section */
		10704EDF2CAC210400AF59F6 /* PhotoEditorApp */ = {
			isa = PBXNativeTarget;
			buildConfigurationList = 10704F042CAC210700AF59F6 /* Build configuration list for PBXNativeTarget "PhotoEditorApp" */;
			buildPhases = (
				10704EDC2CAC210400AF59F6 /* Sources */,
				10704EDD2CAC210400AF59F6 /* Frameworks */,
				10704EDE2CAC210400AF59F6 /* Resources */,
			);
			buildRules = (
			);
			dependencies = (
			);
			name = PhotoEditorApp;
			productName = PhotoEditorApp;
			productReference = 10704EE02CAC210400AF59F6 /* PhotoEditorApp.app */;
			productType = "com.apple.product-type.application";
		};
		10704EEF2CAC210700AF59F6 /* PhotoEditorAppTests */ = {
			isa = PBXNativeTarget;
			buildConfigurationList = 10704F072CAC210700AF59F6 /* Build configuration list for PBXNativeTarget "PhotoEditorAppTests" */;
			buildPhases = (
				10704EEC2CAC210700AF59F6 /* Sources */,
				10704EED2CAC210700AF59F6 /* Frameworks */,
				10704EEE2CAC210700AF59F6 /* Resources */,
			);
			buildRules = (
			);
			dependencies = (
				10704EF22CAC210700AF59F6 /* PBXTargetDependency */,
			);
			name = PhotoEditorAppTests;
			productName = PhotoEditorAppTests;
			productReference = 10704EF02CAC210700AF59F6 /* PhotoEditorAppTests.xctest */;
			productType = "com.apple.product-type.bundle.unit-test";
		};
		10704EF92CAC210700AF59F6 /* PhotoEditorAppUITests */ = {
			isa = PBXNativeTarget;
			buildConfigurationList = 10704F0A2CAC210700AF59F6 /* Build configuration list for PBXNativeTarget "PhotoEditorAppUITests" */;
			buildPhases = (
				10704EF62CAC210700AF59F6 /* Sources */,
				10704EF72CAC210700AF59F6 /* Frameworks */,
				10704EF82CAC210700AF59F6 /* Resources */,
			);
			buildRules = (
			);
			dependencies = (
				10704EFC2CAC210700AF59F6 /* PBXTargetDependency */,
			);
			name = PhotoEditorAppUITests;
			productName = PhotoEditorAppUITests;
			productReference = 10704EFA2CAC210700AF59F6 /* PhotoEditorAppUITests.xctest */;
			productType = "com.apple.product-type.bundle.ui-testing";
		};
/* End PBXNativeTarget section */

/* Begin PBXProject section */
		10704ED82CAC210400AF59F6 /* Project object */ = {
			isa = PBXProject;
			attributes = {
				BuildIndependentTargetsInParallel = 1;
				LastSwiftUpdateCheck = 1500;
				LastUpgradeCheck = 1500;
				TargetAttributes = {
					10704EDF2CAC210400AF59F6 = {
						CreatedOnToolsVersion = 15.0;
					};
					10704EEF2CAC210700AF59F6 = {
						CreatedOnToolsVersion = 15.0;
						TestTargetID = 10704EDF2CAC210400AF59F6;
					};
					10704EF92CAC210700AF59F6 = {
						CreatedOnToolsVersion = 15.0;
						TestTargetID = 10704EDF2CAC210400AF59F6;
					};
				};
			};
			buildConfigurationList = 10704EDB2CAC210400AF59F6 /* Build configuration list for PBXProject "PhotoEditorApp" */;
			compatibilityVersion = "Xcode 14.0";
			developmentRegion = en;
			hasScannedForEncodings = 0;
			knownRegions = (
				en,
				Base,
			);
			mainGroup = 10704ED72CAC210400AF59F6;
			productRefGroup = 10704EE12CAC210400AF59F6 /* Products */;
			projectDirPath = "";
			projectRoot = "";
			targets = (
				10704EDF2CAC210400AF59F6 /* PhotoEditorApp */,
				10704EEF2CAC210700AF59F6 /* PhotoEditorAppTests */,
				10704EF92CAC210700AF59F6 /* PhotoEditorAppUITests */,
			);
		};
/* End PBXProject section */

/* Begin PBXResourcesBuildPhase section */
		10704EDE2CAC210400AF59F6 /* Resources */ = {
			isa = PBXResourcesBuildPhase;
			buildActionMask = 2147483647;
			files = (
				10704EEB2CAC210700AF59F6 /* Preview Assets.xcassets in Resources */,
				10704EE82CAC210700AF59F6 /* Assets.xcassets in Resources */,
			);
			runOnlyForDeploymentPostprocessing = 0;
		};
		10704EEE2CAC210700AF59F6 /* Resources */ = {
			isa = PBXResourcesBuildPhase;
			buildActionMask = 2147483647;
			files = (
			);
			runOnlyForDeploymentPostprocessing = 0;
		};
		10704EF82CAC210700AF59F6 /* Resources */ = {
			isa = PBXResourcesBuildPhase;
			buildActionMask = 2147483647;
			files = (
			);
			runOnlyForDeploymentPostprocessing = 0;
		};
/* End PBXResourcesBuildPhase section */

/* Begin PBXSourcesBuildPhase section */
		10704EDC2CAC210400AF59F6 /* Sources */ = {
			isa = PBXSourcesBuildPhase;
			buildActionMask = 2147483647;
			files = (
				10704EE62CAC210400AF59F6 /* ContentView.swift in Sources */,
				10704EE42CAC210400AF59F6 /* PhotoEditorAppApp.swift in Sources */,
			);
			runOnlyForDeploymentPostprocessing = 0;
		};
		10704EEC2CAC210700AF59F6 /* Sources */ = {
			isa = PBXSourcesBuildPhase;
			buildActionMask = 2147483647;
			files = (
				10704EF52CAC210700AF59F6 /* PhotoEditorAppTests.swift in Sources */,
			);
			runOnlyForDeploymentPostprocessing = 0;
		};
		10704EF62CAC210700AF59F6 /* Sources */ = {
			isa = PBXSourcesBuildPhase;
			buildActionMask = 2147483647;
			files = (
				10704F012CAC210700AF59F6 /* PhotoEditorAppUITestsLaunchTests.swift in Sources */,
				10704EFF2CAC210700AF59F6 /* PhotoEditorAppUITests.swift in Sources */,
			);
			runOnlyForDeploymentPostprocessing = 0;
		};
/* End PBXSourcesBuildPhase section */

/* Begin PBXTargetDependency section */
		10704EF22CAC210700AF59F6 /* PBXTargetDependency */ = {
			isa = PBXTargetDependency;
			target = 10704EDF2CAC210400AF59F6 /* PhotoEditorApp */;
			targetProxy = 10704EF12CAC210700AF59F6 /* PBXContainerItemProxy */;
		};
		10704EFC2CAC210700AF59F6 /* PBXTargetDependency */ = {
			isa = PBXTargetDependency;
			target = 10704EDF2CAC210400AF59F6 /* PhotoEditorApp */;
			targetProxy = 10704EFB2CAC210700AF59F6 /* PBXContainerItemProxy */;
		};
/* End PBXTargetDependency section */

/* Begin XCBuildConfiguration section */
		10704F022CAC210700AF59F6 /* Debug */ = {
			isa = XCBuildConfiguration;
			buildSettings = {
				ALWAYS_SEARCH_USER_PATHS = NO;
				ASSETCATALOG_COMPILER_GENERATE_SWIFT_ASSET_SYMBOL_EXTENSIONS = YES;
				CLANG_ANALYZER_NONNULL = YES;
				CLANG_ANALYZER_NUMBER_OBJECT_CONVERSION = YES_AGGRESSIVE;
				CLANG_CXX_LANGUAGE_STANDARD = "gnu++20";
				CLANG_ENABLE_MODULES = YES;
				CLANG_ENABLE_OBJC_ARC = YES;
				CLANG_ENABLE_OBJC_WEAK = YES;
				CLANG_WARN_BLOCK_CAPTURE_AUTORELEASING = YES;
				CLANG_WARN_BOOL_CONVERSION = YES;
				CLANG_WARN_COMMA = YES;
				CLANG_WARN_CONSTANT_CONVERSION = YES;
				CLANG_WARN_DEPRECATED_OBJC_IMPLEMENTATIONS = YES;
				CLANG_WARN_DIRECT_OBJC_ISA_USAGE = YES_ERROR;
				CLANG_WARN_DOCUMENTATION_COMMENTS = YES;
				CLANG_WARN_EMPTY_BODY = YES;
				CLANG_WARN_ENUM_CONVERSION = YES;
				CLANG_WARN_INFINITE_RECURSION = YES;
				CLANG_WARN_INT_CONVERSION = YES;
				CLANG_WARN_NON_LITERAL_NULL_CONVERSION = YES;
				CLANG_WARN_OBJC_IMPLICIT_RETAIN_SELF = YES;
				CLANG_WARN_OBJC_LITERAL_CONVERSION = YES;
				CLANG_WARN_OBJC_ROOT_CLASS = YES_ERROR;
				CLANG_WARN_QUOTED_INCLUDE_IN_FRAMEWORK_HEADER = YES;
				CLANG_WARN_RANGE_LOOP_ANALYSIS = YES;
				CLANG_WARN_STRICT_PROTOTYPES = YES;
				CLANG_WARN_SUSPICIOUS_MOVE = YES;
				CLANG_WARN_UNGUARDED_AVAILABILITY = YES_AGGRESSIVE;
				CLANG_WARN_UNREACHABLE_CODE = YES;
				CLANG_WARN__DUPLICATE_METHOD_MATCH = YES;
				COPY_PHASE_STRIP = NO;
				DEBUG_INFORMATION_FORMAT = dwarf;
				ENABLE_STRICT_OBJC_MSGSEND = YES;
				ENABLE_TESTABILITY = YES;
				ENABLE_USER_SCRIPT_SANDBOXING = YES;
				GCC_C_LANGUAGE_STANDARD = gnu17;
				GCC_DYNAMIC_NO_PIC = NO;
				GCC_NO_COMMON_BLOCKS = YES;
				GCC_OPTIMIZATION_LEVEL = 0;
				GCC_PREPROCESSOR_DEFINITIONS = (
					"DEBUG=1",
					"$(inherited)",
				);
				GCC_WARN_64_TO_32_BIT_CONVERSION = YES;
				GCC_WARN_ABOUT_RETURN_TYPE = YES_ERROR;
				GCC_WARN_UNDECLARED_SELECTOR = YES;
				GCC_WARN_UNINITIALIZED_AUTOS = YES_AGGRESSIVE;
				GCC_WARN_UNUSED_FUNCTION = YES;
				GCC_WARN_UNUSED_VARIABLE = YES;
				IPHONEOS_DEPLOYMENT_TARGET = 17.0;
				LOCALIZATION_PREFERS_STRING_CATALOGS = YES;
				MTL_ENABLE_DEBUG_INFO = INCLUDE_SOURCE;
				MTL_FAST_MATH = YES;
				ONLY_ACTIVE_ARCH = YES;
				SDKROOT = iphoneos;
				SWIFT_ACTIVE_COMPILATION_CONDITIONS = "DEBUG $(inherited)";
				SWIFT_OPTIMIZATION_LEVEL = "-Onone";
			};
			name = Debug;
		};
		10704F032CAC210700AF59F6 /* Release */ = {
			isa = XCBuildConfiguration;
			buildSettings = {
				ALWAYS_SEARCH_USER_PATHS = NO;
				ASSETCATALOG_COMPILER_GENERATE_SWIFT_ASSET_SYMBOL_EXTENSIONS = YES;
				CLANG_ANALYZER_NONNULL = YES;
				CLANG_ANALYZER_NUMBER_OBJECT_CONVERSION = YES_AGGRESSIVE;
				CLANG_CXX_LANGUAGE_STANDARD = "gnu++20";
				CLANG_ENABLE_MODULES = YES;
				CLANG_ENABLE_OBJC_ARC = YES;
				CLANG_ENABLE_OBJC_WEAK = YES;
				CLANG_WARN_BLOCK_CAPTURE_AUTORELEASING = YES;
				CLANG_WARN_BOOL_CONVERSION = YES;
				CLANG_WARN_COMMA = YES;
				CLANG_WARN_CONSTANT_CONVERSION = YES;
				CLANG_WARN_DEPRECATED_OBJC_IMPLEMENTATIONS = YES;
				CLANG_WARN_DIRECT_OBJC_ISA_USAGE = YES_ERROR;
				CLANG_WARN_DOCUMENTATION_COMMENTS = YES;
				CLANG_WARN_EMPTY_BODY = YES;
				CLANG_WARN_ENUM_CONVERSION = YES;
				CLANG_WARN_INFINITE_RECURSION = YES;
				CLANG_WARN_INT_CONVERSION = YES;
				CLANG_WARN_NON_LITERAL_NULL_CONVERSION = YES;
				CLANG_WARN_OBJC_IMPLICIT_RETAIN_SELF = YES;
				CLANG_WARN_OBJC_LITERAL_CONVERSION = YES;
				CLANG_WARN_OBJC_ROOT_CLASS = YES_ERROR;
				CLANG_WARN_QUOTED_INCLUDE_IN_FRAMEWORK_HEADER = YES;
				CLANG_WARN_RANGE_LOOP_ANALYSIS = YES;
				CLANG_WARN_STRICT_PROTOTYPES = YES;
				CLANG_WARN_SUSPICIOUS_MOVE = YES;
				CLANG_WARN_UNGUARDED_AVAILABILITY = YES_AGGRESSIVE;
				CLANG_WARN_UNREACHABLE_CODE = YES;
				CLANG_WARN__DUPLICATE_METHOD_MATCH = YES;
				COPY_PHASE_STRIP = NO;
				DEBUG_INFORMATION_FORMAT = "dwarf-with-dsym";
				ENABLE_NS_ASSERTIONS = NO;
				ENABLE_STRICT_OBJC_MSGSEND = YES;
				ENABLE_USER_SCRIPT_SANDBOXING = YES;
				GCC_C_LANGUAGE_STANDARD = gnu17;
				GCC_NO_COMMON_BLOCKS = YES;
				GCC_WARN_64_TO_32_BIT_CONVERSION = YES;
				GCC_WARN_ABOUT_RETURN_TYPE = YES_ERROR;
				GCC_WARN_UNDECLARED_SELECTOR = YES;
				GCC_WARN_UNINITIALIZED_AUTOS = YES_AGGRESSIVE;
				GCC_WARN_UNUSED_FUNCTION = YES;
				GCC_WARN_UNUSED_VARIABLE = YES;
				IPHONEOS_DEPLOYMENT_TARGET = 17.0;
				LOCALIZATION_PREFERS_STRING_CATALOGS = YES;
				MTL_ENABLE_DEBUG_INFO = NO;
				MTL_FAST_MATH = YES;
				SDKROOT = iphoneos;
				SWIFT_COMPILATION_MODE = wholemodule;
				VALIDATE_PRODUCT = YES;
			};
			name = Release;
		};
		10704F052CAC210700AF59F6 /* Debug */ = {
			isa = XCBuildConfiguration;
			buildSettings = {
				ASSETCATALOG_COMPILER_APPICON_NAME = AppIcon;
				ASSETCATALOG_COMPILER_GLOBAL_ACCENT_COLOR_NAME = AccentColor;
				CODE_SIGN_STYLE = Automatic;
				CURRENT_PROJECT_VERSION = 1;
				DEVELOPMENT_ASSET_PATHS = "\"PhotoEditorApp/Preview Content\"";
				ENABLE_PREVIEWS = YES;
				GENERATE_INFOPLIST_FILE = YES;
				INFOPLIST_KEY_UIApplicationSceneManifest_Generation = YES;
				INFOPLIST_KEY_UIApplicationSupportsIndirectInputEvents = YES;
				INFOPLIST_KEY_UILaunchScreen_Generation = YES;
				INFOPLIST_KEY_UISupportedInterfaceOrientations_iPad = "UIInterfaceOrientationPortrait UIInterfaceOrientationPortraitUpsideDown UIInterfaceOrientationLandscapeLeft UIInterfaceOrientationLandscapeRight";
				INFOPLIST_KEY_UISupportedInterfaceOrientations_iPhone = "UIInterfaceOrientationPortrait UIInterfaceOrientationLandscapeLeft UIInterfaceOrientationLandscapeRight";
				LD_RUNPATH_SEARCH_PATHS = (
					"$(inherited)",
					"@executable_path/Frameworks",
				);
				MARKETING_VERSION = 1.0;
				PRODUCT_BUNDLE_IDENTIFIER = testXcode.PhotoEditorApp;
				PRODUCT_NAME = "$(TARGET_NAME)";
				SWIFT_EMIT_LOC_STRINGS = YES;
				SWIFT_VERSION = 5.0;
				TARGETED_DEVICE_FAMILY = "1,2";
			};
			name = Debug;
		};
		10704F062CAC210700AF59F6 /* Release */ = {
			isa = XCBuildConfiguration;
			buildSettings = {
				ASSETCATALOG_COMPILER_APPICON_NAME = AppIcon;
				ASSETCATALOG_COMPILER_GLOBAL_ACCENT_COLOR_NAME = AccentColor;
				CODE_SIGN_STYLE = Automatic;
				CURRENT_PROJECT_VERSION = 1;
				DEVELOPMENT_ASSET_PATHS = "\"PhotoEditorApp/Preview Content\"";
				ENABLE_PREVIEWS = YES;
				GENERATE_INFOPLIST_FILE = YES;
				INFOPLIST_KEY_UIApplicationSceneManifest_Generation = YES;
				INFOPLIST_KEY_UIApplicationSupportsIndirectInputEvents = YES;
				INFOPLIST_KEY_UILaunchScreen_Generation = YES;
				INFOPLIST_KEY_UISupportedInterfaceOrientations_iPad = "UIInterfaceOrientationPortrait UIInterfaceOrientationPortraitUpsideDown UIInterfaceOrientationLandscapeLeft UIInterfaceOrientationLandscapeRight";
				INFOPLIST_KEY_UISupportedInterfaceOrientations_iPhone = "UIInterfaceOrientationPortrait UIInterfaceOrientationLandscapeLeft UIInterfaceOrientationLandscapeRight";
				LD_RUNPATH_SEARCH_PATHS = (
					"$(inherited)",
					"@executable_path/Frameworks",
				);
				MARKETING_VERSION = 1.0;
				PRODUCT_BUNDLE_IDENTIFIER = testXcode.PhotoEditorApp;
				PRODUCT_NAME = "$(TARGET_NAME)";
				SWIFT_EMIT_LOC_STRINGS = YES;
				SWIFT_VERSION = 5.0;
				TARGETED_DEVICE_FAMILY = "1,2";
			};
			name = Release;
		};
		10704F082CAC210700AF59F6 /* Debug */ = {
			isa = XCBuildConfiguration;
			buildSettings = {
				ALWAYS_EMBED_SWIFT_STANDARD_LIBRARIES = YES;
				BUNDLE_LOADER = "$(TEST_HOST)";
				CODE_SIGN_STYLE = Automatic;
				CURRENT_PROJECT_VERSION = 1;
				GENERATE_INFOPLIST_FILE = YES;
				IPHONEOS_DEPLOYMENT_TARGET = 17.0;
				MARKETING_VERSION = 1.0;
				PRODUCT_BUNDLE_IDENTIFIER = testXcode.PhotoEditorAppTests;
				PRODUCT_NAME = "$(TARGET_NAME)";
				SWIFT_EMIT_LOC_STRINGS = NO;
				SWIFT_VERSION = 5.0;
				TARGETED_DEVICE_FAMILY = "1,2";
				TEST_HOST = "$(BUILT_PRODUCTS_DIR)/PhotoEditorApp.app/$(BUNDLE_EXECUTABLE_FOLDER_PATH)/PhotoEditorApp";
			};
			name = Debug;
		};
		10704F092CAC210700AF59F6 /* Release */ = {
			isa = XCBuildConfiguration;
			buildSettings = {
				ALWAYS_EMBED_SWIFT_STANDARD_LIBRARIES = YES;
				BUNDLE_LOADER = "$(TEST_HOST)";
				CODE_SIGN_STYLE = Automatic;
				CURRENT_PROJECT_VERSION = 1;
				GENERATE_INFOPLIST_FILE = YES;
				IPHONEOS_DEPLOYMENT_TARGET = 17.0;
				MARKETING_VERSION = 1.0;
				PRODUCT_BUNDLE_IDENTIFIER = testXcode.PhotoEditorAppTests;
				PRODUCT_NAME = "$(TARGET_NAME)";
				SWIFT_EMIT_LOC_STRINGS = NO;
				SWIFT_VERSION = 5.0;
				TARGETED_DEVICE_FAMILY = "1,2";
				TEST_HOST = "$(BUILT_PRODUCTS_DIR)/PhotoEditorApp.app/$(BUNDLE_EXECUTABLE_FOLDER_PATH)/PhotoEditorApp";
			};
			name = Release;
		};
		10704F0B2CAC210700AF59F6 /* Debug */ = {
			isa = XCBuildConfiguration;
			buildSettings = {
				ALWAYS_EMBED_SWIFT_STANDARD_LIBRARIES = YES;
				CODE_SIGN_STYLE = Automatic;
				CURRENT_PROJECT_VERSION = 1;
				GENERATE_INFOPLIST_FILE = YES;
				MARKETING_VERSION = 1.0;
				PRODUCT_BUNDLE_IDENTIFIER = testXcode.PhotoEditorAppUITests;
				PRODUCT_NAME = "$(TARGET_NAME)";
				SWIFT_EMIT_LOC_STRINGS = NO;
				SWIFT_VERSION = 5.0;
				TARGETED_DEVICE_FAMILY = "1,2";
				TEST_TARGET_NAME = PhotoEditorApp;
			};
			name = Debug;
		};
		10704F0C2CAC210700AF59F6 /* Release */ = {
			isa = XCBuildConfiguration;
			buildSettings = {
				ALWAYS_EMBED_SWIFT_STANDARD_LIBRARIES = YES;
				CODE_SIGN_STYLE = Automatic;
				CURRENT_PROJECT_VERSION = 1;
				GENERATE_INFOPLIST_FILE = YES;
				MARKETING_VERSION = 1.0;
				PRODUCT_BUNDLE_IDENTIFIER = testXcode.PhotoEditorAppUITests;
				PRODUCT_NAME = "$(TARGET_NAME)";
				SWIFT_EMIT_LOC_STRINGS = NO;
				SWIFT_VERSION = 5.0;
				TARGETED_DEVICE_FAMILY = "1,2";
				TEST_TARGET_NAME = PhotoEditorApp;
			};
			name = Release;
		};
/* End XCBuildConfiguration section */

/* Begin XCConfigurationList section */
		10704EDB2CAC210400AF59F6 /* Build configuration list for PBXProject "PhotoEditorApp" */ = {
			isa = XCConfigurationList;
			buildConfigurations = (
				10704F022CAC210700AF59F6 /* Debug */,
				10704F032CAC210700AF59F6 /* Release */,
			);
			defaultConfigurationIsVisible = 0;
			defaultConfigurationName = Release;
		};
		10704F042CAC210700AF59F6 /* Build configuration list for PBXNativeTarget "PhotoEditorApp" */ = {
			isa = XCConfigurationList;
			buildConfigurations = (
				10704F052CAC210700AF59F6 /* Debug */,
				10704F062CAC210700AF59F6 /* Release */,
			);
			defaultConfigurationIsVisible = 0;
			defaultConfigurationName = Release;
		};
		10704F072CAC210700AF59F6 /* Build configuration list for PBXNativeTarget "PhotoEditorAppTests" */ = {
			isa = XCConfigurationList;
			buildConfigurations = (
				10704F082CAC210700AF59F6 /* Debug */,
				10704F092CAC210700AF59F6 /* Release */,
			);
			defaultConfigurationIsVisible = 0;
			defaultConfigurationName = Release;
		};
		10704F0A2CAC210700AF59F6 /* Build configuration list for PBXNativeTarget "PhotoEditorAppUITests" */ = {
			isa = XCConfigurationList;
			buildConfigurations = (
				10704F0B2CAC210700AF59F6 /* Debug */,
				10704F0C2CAC210700AF59F6 /* Release */,
			);
			defaultConfigurationIsVisible = 0;
			defaultConfigurationName = Release;
		};
/* End XCConfigurationList section */
	};
	rootObject = 10704ED82CAC210400AF59F6 /* Project object */;
}
